
Microsoft Visual Studio Solution File, Format Version 12.00
# Visual Studio Version 17
VisualStudioVersion = 17.5.33530.505
MinimumVisualStudioVersion = 10.0.40219.1
Project("{FAE04EC0-301F-11D3-BF4B-00C04F79EFBC}") = "Domain", "Domain\Domain.csproj", "{5A233D30-7EF9-4EC1-9BB7-E17D87D9B34B}"
EndProject
Project("{FAE04EC0-301F-11D3-BF4B-00C04F79EFBC}") = "Application", "Application\Application.csproj", "{35AEDEF8-E64C-4A49-BCD9-F6B363933EFE}"
EndProject
Project("{FAE04EC0-301F-11D3-BF4B-00C04F79EFBC}") = "Infra.Data", "Infra.Data\Infra.Data.csproj", "{EB606374-51B6-45E9-AE5B-0046C616F947}"
EndProject
Project("{FAE04EC0-301F-11D3-BF4B-00C04F79EFBC}") = "Infra.CrossCutting", "Infra.CrossCutting\Infra.CrossCutting.csproj", "{3F28AC8A-0C47-41DC-A0DF-52E749622D4F}"
EndProject
Project("{FAE04EC0-301F-11D3-BF4B-00C04F79EFBC}") = "API", "API\API.csproj", "{C9DBF124-3095-485F-94B6-611DCB9E447F}"
EndProject
Global
	GlobalSection(SolutionConfigurationPlatforms) = preSolution
		Debug|Any CPU = Debug|Any CPU
		Release|Any CPU = Release|Any CPU
	EndGlobalSection
	GlobalSection(ProjectConfigurationPlatforms) = postSolution
		{5A233D30-7EF9-4EC1-9BB7-E17D87D9B34B}.Debug|Any CPU.ActiveCfg = Debug|Any CPU
		{5A233D30-7EF9-4EC1-9BB7-E17D87D9B34B}.Debug|Any CPU.Build.0 = Debug|Any CPU
		{5A233D30-7EF9-4EC1-9BB7-E17D87D9B34B}.Release|Any CPU.ActiveCfg = Release|Any CPU
		{5A233D30-7EF9-4EC1-9BB7-E17D87D9B34B}.Release|Any CPU.Build.0 = Release|Any CPU
		{35AEDEF8-E64C-4A49-BCD9-F6B363933EFE}.Debug|Any CPU.ActiveCfg = Debug|Any CPU
		{35AEDEF8-E64C-4A49-BCD9-F6B363933EFE}.Debug|Any CPU.Build.0 = Debug|Any CPU
		{35AEDEF8-E64C-4A49-BCD9-F6B363933EFE}.Release|Any CPU.ActiveCfg = Release|Any CPU
		{35AEDEF8-E64C-4A49-BCD9-F6B363933EFE}.Release|Any CPU.Build.0 = Release|Any CPU
		{EB606374-51B6-45E9-AE5B-0046C616F947}.Debug|Any CPU.ActiveCfg = Debug|Any CPU
		{EB606374-51B6-45E9-AE5B-0046C616F947}.Debug|Any CPU.Build.0 = Debug|Any CPU
		{EB606374-51B6-45E9-AE5B-0046C616F947}.Release|Any CPU.ActiveCfg = Release|Any CPU
		{EB606374-51B6-45E9-AE5B-0046C616F947}.Release|Any CPU.Build.0 = Release|Any CPU
		{3F28AC8A-0C47-41DC-A0DF-52E749622D4F}.Debug|Any CPU.ActiveCfg = Debug|Any CPU
		{3F28AC8A-0C47-41DC-A0DF-52E749622D4F}.Debug|Any CPU.Build.0 = Debug|Any CPU
		{3F28AC8A-0C47-41DC-A0DF-52E749622D4F}.Release|Any CPU.ActiveCfg = Release|Any CPU
		{3F28AC8A-0C47-41DC-A0DF-52E749622D4F}.Release|Any CPU.Build.0 = Release|Any CPU
		{C9DBF124-3095-485F-94B6-611DCB9E447F}.Debug|Any CPU.ActiveCfg = Debug|Any CPU
		{C9DBF124-3095-485F-94B6-611DCB9E447F}.Debug|Any CPU.Build.0 = Debug|Any CPU
		{C9DBF124-3095-485F-94B6-611DCB9E447F}.Release|Any CPU.ActiveCfg = Release|Any CPU
		{C9DBF124-3095-485F-94B6-611DCB9E447F}.Release|Any CPU.Build.0 = Release|Any CPU
	EndGlobalSection
	GlobalSection(SolutionProperties) = preSolution
		HideSolutionNode = FALSE
	EndGlobalSection
	GlobalSection(ExtensibilityGlobals) = postSolution
		SolutionGuid = {67536E30-F6B9-478D-9E31-51899D40D853}
	EndGlobalSection
EndGlobal
